
Microsoft Visual Studio Solution File, Format Version 12.00
# Visual Studio Version 16
VisualStudioVersion = 16.0.30011.22
MinimumVisualStudioVersion = 10.0.40219.1
Project("{FAE04EC0-301F-11D3-BF4B-00C04F79EFBC}") = "ProcessDetector", "ProcessDetector\ProcessDetector.csproj", "{123802CB-3701-431D-9B6D-E3E6D921E615}"
EndProject
Global
	GlobalSection(SolutionConfigurationPlatforms) = preSolution
		Debug|Any CPU = Debug|Any CPU
		Release|Any CPU = Release|Any CPU
	EndGlobalSection
	GlobalSection(ProjectConfigurationPlatforms) = postSolution
		{123802CB-3701-431D-9B6D-E3E6D921E615}.Debug|Any CPU.ActiveCfg = Debug|Any CPU
		{123802CB-3701-431D-9B6D-E3E6D921E615}.Debug|Any CPU.Build.0 = Debug|Any CPU
		{123802CB-3701-431D-9B6D-E3E6D921E615}.Release|Any CPU.ActiveCfg = Release|Any CPU
		{123802CB-3701-431D-9B6D-E3E6D921E615}.Release|Any CPU.Build.0 = Release|Any CPU
	EndGlobalSection
	GlobalSection(SolutionProperties) = preSolution
		HideSolutionNode = FALSE
	EndGlobalSection
	GlobalSection(ExtensibilityGlobals) = postSolution
		SolutionGuid = {95218C4F-3932-430C-BC27-2AD0FB6D8389}
	EndGlobalSection
EndGlobal
